
Microsoft Visual Studio Solution File, Format Version 12.00
# Visual Studio 2012
Project("{FAE04EC0-301F-11D3-BF4B-00C04F79EFBC}") = "test", "test\test.csproj", "{9DC3D7B7-CC8E-46AD-82EC-E1F6FDF8B1FF}"
EndProject
Global
	GlobalSection(SolutionConfigurationPlatforms) = preSolution
		Debug|Any CPU = Debug|Any CPU
		Release|Any CPU = Release|Any CPU
	EndGlobalSection
	GlobalSection(ProjectConfigurationPlatforms) = postSolution
		{9DC3D7B7-CC8E-46AD-82EC-E1F6FDF8B1FF}.Debug|Any CPU.ActiveCfg = Debug|Any CPU
		{9DC3D7B7-CC8E-46AD-82EC-E1F6FDF8B1FF}.Debug|Any CPU.Build.0 = Debug|Any CPU
		{9DC3D7B7-CC8E-46AD-82EC-E1F6FDF8B1FF}.Release|Any CPU.ActiveCfg = Release|Any CPU
		{9DC3D7B7-CC8E-46AD-82EC-E1F6FDF8B1FF}.Release|Any CPU.Build.0 = Release|Any CPU
	EndGlobalSection
	GlobalSection(SolutionProperties) = preSolution
		HideSolutionNode = FALSE
	EndGlobalSection
EndGlobal
